// !$*UTF8*$!
{
	archiveVersion = 1;
	classes = {
	};
	objectVersion = 46;
	objects = {

/* Begin PBXBuildFile section */
		0453B4F31BAF8D73002786EA /* JLWeatherBgM.m in Sources */ = {isa = PBXBuildFile; fileRef = 0453B4E51BAF8D73002786EA /* JLWeatherBgM.m */; };
		0453B4F41BAF8D73002786EA /* JLWeatherDetailM.m in Sources */ = {isa = PBXBuildFile; fileRef = 0453B4E71BAF8D73002786EA /* JLWeatherDetailM.m */; };
		0453B4F51BAF8D73002786EA /* JLWeatherDetailVC.m in Sources */ = {isa = PBXBuildFile; fileRef = 0453B4E91BAF8D73002786EA /* JLWeatherDetailVC.m */; };
		0453B4F61BAF8D73002786EA /* JLWeatherDetailVC.xib in Resources */ = {isa = PBXBuildFile; fileRef = 0453B4EA1BAF8D73002786EA /* JLWeatherDetailVC.xib */; };
		0453B4F71BAF8D73002786EA /* JLWeatherItemView.m in Sources */ = {isa = PBXBuildFile; fileRef = 0453B4EC1BAF8D73002786EA /* JLWeatherItemView.m */; };
		0453B4F81BAF8D73002786EA /* JLWeatherItemView.xib in Resources */ = {isa = PBXBuildFile; fileRef = 0453B4ED1BAF8D73002786EA /* JLWeatherItemView.xib */; };
		0453B4F91BAF8D73002786EA /* JLWeatherModel.m in Sources */ = {isa = PBXBuildFile; fileRef = 0453B4EF1BAF8D73002786EA /* JLWeatherModel.m */; };
		0453B4FA1BAF8D73002786EA /* JLWeatherView.m in Sources */ = {isa = PBXBuildFile; fileRef = 0453B4F11BAF8D73002786EA /* JLWeatherView.m */; };
		0453B4FB1BAF8D73002786EA /* JLWeatherView.xib in Resources */ = {isa = PBXBuildFile; fileRef = 0453B4F21BAF8D73002786EA /* JLWeatherView.xib */; };
		A9283ADA1BAC01FB002A6446 /* HXReplyViewController.m in Sources */ = {isa = PBXBuildFile; fileRef = A9283AD91BAC01FB002A6446 /* HXReplyViewController.m */; };
		A9283ADD1BAC02CB002A6446 /* HXReplyCell.m in Sources */ = {isa = PBXBuildFile; fileRef = A9283ADC1BAC02CB002A6446 /* HXReplyCell.m */; };
		A9283AE01BAC04FF002A6446 /* HXReplyHeader.m in Sources */ = {isa = PBXBuildFile; fileRef = A9283ADF1BAC04FF002A6446 /* HXReplyHeader.m */; };
		A9283AE21BAC050F002A6446 /* HXReplyHeader.xib in Resources */ = {isa = PBXBuildFile; fileRef = A9283AE11BAC050F002A6446 /* HXReplyHeader.xib */; };
		A976A1DC1BAB12BC00285CCF /* HXMainViewController.m in Sources */ = {isa = PBXBuildFile; fileRef = A976A1DA1BAB12BC00285CCF /* HXMainViewController.m */; };
		A976A1DD1BAB12BC00285CCF /* HXMainViewController.xib in Resources */ = {isa = PBXBuildFile; fileRef = A976A1DB1BAB12BC00285CCF /* HXMainViewController.xib */; };
		A976A1E01BAB12F200285CCF /* HXNavigationController.m in Sources */ = {isa = PBXBuildFile; fileRef = A976A1DF1BAB12F200285CCF /* HXNavigationController.m */; };
		A994CBA61BA6E65800A39A71 /* Images.xcassets in Resources */ = {isa = PBXBuildFile; fileRef = A994CBA51BA6E65800A39A71 /* Images.xcassets */; };
		A994CBA91BA6E65800A39A71 /* LaunchScreen.xib in Resources */ = {isa = PBXBuildFile; fileRef = A994CBA71BA6E65800A39A71 /* LaunchScreen.xib */; };
		A994CBB51BA6E65800A39A71 /* NewsTests.m in Sources */ = {isa = PBXBuildFile; fileRef = A994CBB41BA6E65800A39A71 /* NewsTests.m */; };
		A994CBC51BA6E73B00A39A71 /* AppDelegate.m in Sources */ = {isa = PBXBuildFile; fileRef = A994CBC31BA6E73B00A39A71 /* AppDelegate.m */; };
		A994CBC61BA6E73B00A39A71 /* main.m in Sources */ = {isa = PBXBuildFile; fileRef = A994CBC41BA6E73B00A39A71 /* main.m */; };
		A9D846A11BAB9A5400707C62 /* HXTitleLabel.m in Sources */ = {isa = PBXBuildFile; fileRef = A9D846A01BAB9A5400707C62 /* HXTitleLabel.m */; };
		A9D846A31BAB9B8E00707C62 /* NewsURLs.plist in Resources */ = {isa = PBXBuildFile; fileRef = A9D846A21BAB9B8E00707C62 /* NewsURLs.plist */; };
		A9D846A81BAB9CA400707C62 /* UIView+Extension.m in Sources */ = {isa = PBXBuildFile; fileRef = A9D846A71BAB9CA400707C62 /* UIView+Extension.m */; };
		A9D846AA1BAB9E0D00707C62 /* News.storyboard in Resources */ = {isa = PBXBuildFile; fileRef = A9D846A91BAB9E0D00707C62 /* News.storyboard */; };
		A9D846AD1BAB9E8A00707C62 /* HXTableViewController.m in Sources */ = {isa = PBXBuildFile; fileRef = A9D846AC1BAB9E8A00707C62 /* HXTableViewController.m */; };
		A9D847391BABDEA700707C62 /* HXNewsModel.m in Sources */ = {isa = PBXBuildFile; fileRef = A9D847381BABDEA700707C62 /* HXNewsModel.m */; };
		A9D8473D1BABE05800707C62 /* HXNetworkTool.m in Sources */ = {isa = PBXBuildFile; fileRef = A9D8473C1BABE05800707C62 /* HXNetworkTool.m */; };
		A9D847401BABE1F300707C62 /* HXNewsCell.m in Sources */ = {isa = PBXBuildFile; fileRef = A9D8473F1BABE1F300707C62 /* HXNewsCell.m */; };
		A9D8474A1BABE4F200707C62 /* HXDetailController.m in Sources */ = {isa = PBXBuildFile; fileRef = A9D847491BABE4F200707C62 /* HXDetailController.m */; };
		A9D8474D1BABE5EE00707C62 /* HXDetailModel.m in Sources */ = {isa = PBXBuildFile; fileRef = A9D8474C1BABE5EE00707C62 /* HXDetailModel.m */; };
		A9D847501BABE6C300707C62 /* HXHTTPManager.m in Sources */ = {isa = PBXBuildFile; fileRef = A9D8474F1BABE6C300707C62 /* HXHTTPManager.m */; };
		A9D847531BABE73B00707C62 /* HXDetailImgModel.m in Sources */ = {isa = PBXBuildFile; fileRef = A9D847521BABE73B00707C62 /* HXDetailImgModel.m */; };
		A9D847561BABE7CB00707C62 /* HXReplyModel.m in Sources */ = {isa = PBXBuildFile; fileRef = A9D847551BABE7CB00707C62 /* HXReplyModel.m */; };
		A9D847581BABEA7000707C62 /* SXDetails.css in Resources */ = {isa = PBXBuildFile; fileRef = A9D847571BABEA7000707C62 /* SXDetails.css */; };
		A9D8475A1BABF5D400707C62 /* HYQiHei-50J.ttf in Resources */ = {isa = PBXBuildFile; fileRef = A9D847591BABF1B700707C62 /* HYQiHei-50J.ttf */; };
		A9D847611BABF6EF00707C62 /* HXPhotoSetController.m in Sources */ = {isa = PBXBuildFile; fileRef = A9D847601BABF6EF00707C62 /* HXPhotoSetController.m */; };
		A9D847641BABF7A900707C62 /* HXPhotoSet.m in Sources */ = {isa = PBXBuildFile; fileRef = A9D847631BABF7A900707C62 /* HXPhotoSet.m */; };
		A9D847671BABF7DD00707C62 /* HXPhotosDetail.m in Sources */ = {isa = PBXBuildFile; fileRef = A9D847661BABF7DD00707C62 /* HXPhotosDetail.m */; };
		A9D8476A1BAC00A800707C62 /* MJExtensionConfig.m in Sources */ = {isa = PBXBuildFile; fileRef = A9D847691BAC00A800707C62 /* MJExtensionConfig.m */; };
		E72B77B31D4F3243B06A7971 /* libPods.a in Frameworks */ = {isa = PBXBuildFile; fileRef = 50BC2499DB49A48ADA4106DA /* libPods.a */; };
/* End PBXBuildFile section */

/* Begin PBXContainerItemProxy section */
		A994CBAF1BA6E65800A39A71 /* PBXContainerItemProxy */ = {
			isa = PBXContainerItemProxy;
			containerPortal = A994CB8D1BA6E65800A39A71 /* Project object */;
			proxyType = 1;
			remoteGlobalIDString = A994CB941BA6E65800A39A71;
			remoteInfo = News;
		};
/* End PBXContainerItemProxy section */

/* Begin PBXFileReference section */
		0453B4E41BAF8D73002786EA /* JLWeatherBgM.h */ = {isa = PBXFileReference; fileEncoding = 4; lastKnownFileType = sourcecode.c.h; path = JLWeatherBgM.h; sourceTree = "<group>"; };
		0453B4E51BAF8D73002786EA /* JLWeatherBgM.m */ = {isa = PBXFileReference; fileEncoding = 4; lastKnownFileType = sourcecode.c.objc; path = JLWeatherBgM.m; sourceTree = "<group>"; };
		0453B4E61BAF8D73002786EA /* JLWeatherDetailM.h */ = {isa = PBXFileReference; fileEncoding = 4; lastKnownFileType = sourcecode.c.h; path = JLWeatherDetailM.h; sourceTree = "<group>"; };
		0453B4E71BAF8D73002786EA /* JLWeatherDetailM.m */ = {isa = PBXFileReference; fileEncoding = 4; lastKnownFileType = sourcecode.c.objc; path = JLWeatherDetailM.m; sourceTree = "<group>"; };
		0453B4E81BAF8D73002786EA /* JLWeatherDetailVC.h */ = {isa = PBXFileReference; fileEncoding = 4; lastKnownFileType = sourcecode.c.h; path = JLWeatherDetailVC.h; sourceTree = "<group>"; };
		0453B4E91BAF8D73002786EA /* JLWeatherDetailVC.m */ = {isa = PBXFileReference; fileEncoding = 4; lastKnownFileType = sourcecode.c.objc; path = JLWeatherDetailVC.m; sourceTree = "<group>"; };
		0453B4EA1BAF8D73002786EA /* JLWeatherDetailVC.xib */ = {isa = PBXFileReference; fileEncoding = 4; lastKnownFileType = file.xib; path = JLWeatherDetailVC.xib; sourceTree = "<group>"; };
		0453B4EB1BAF8D73002786EA /* JLWeatherItemView.h */ = {isa = PBXFileReference; fileEncoding = 4; lastKnownFileType = sourcecode.c.h; path = JLWeatherItemView.h; sourceTree = "<group>"; };
		0453B4EC1BAF8D73002786EA /* JLWeatherItemView.m */ = {isa = PBXFileReference; fileEncoding = 4; lastKnownFileType = sourcecode.c.objc; path = JLWeatherItemView.m; sourceTree = "<group>"; };
		0453B4ED1BAF8D73002786EA /* JLWeatherItemView.xib */ = {isa = PBXFileReference; fileEncoding = 4; lastKnownFileType = file.xib; path = JLWeatherItemView.xib; sourceTree = "<group>"; };
		0453B4EE1BAF8D73002786EA /* JLWeatherModel.h */ = {isa = PBXFileReference; fileEncoding = 4; lastKnownFileType = sourcecode.c.h; path = JLWeatherModel.h; sourceTree = "<group>"; };
		0453B4EF1BAF8D73002786EA /* JLWeatherModel.m */ = {isa = PBXFileReference; fileEncoding = 4; lastKnownFileType = sourcecode.c.objc; path = JLWeatherModel.m; sourceTree = "<group>"; };
		0453B4F01BAF8D73002786EA /* JLWeatherView.h */ = {isa = PBXFileReference; fileEncoding = 4; lastKnownFileType = sourcecode.c.h; path = JLWeatherView.h; sourceTree = "<group>"; };
		0453B4F11BAF8D73002786EA /* JLWeatherView.m */ = {isa = PBXFileReference; fileEncoding = 4; lastKnownFileType = sourcecode.c.objc; path = JLWeatherView.m; sourceTree = "<group>"; };
		0453B4F21BAF8D73002786EA /* JLWeatherView.xib */ = {isa = PBXFileReference; fileEncoding = 4; lastKnownFileType = file.xib; path = JLWeatherView.xib; sourceTree = "<group>"; };
		277C19C96A9B1DA27D05AA61 /* Pods.release.xcconfig */ = {isa = PBXFileReference; includeInIndex = 1; lastKnownFileType = text.xcconfig; name = Pods.release.xcconfig; path = "Pods/Target Support Files/Pods/Pods.release.xcconfig"; sourceTree = "<group>"; };
		50BC2499DB49A48ADA4106DA /* libPods.a */ = {isa = PBXFileReference; explicitFileType = archive.ar; includeInIndex = 0; path = libPods.a; sourceTree = BUILT_PRODUCTS_DIR; };
		A9283AD81BAC01FB002A6446 /* HXReplyViewController.h */ = {isa = PBXFileReference; fileEncoding = 4; lastKnownFileType = sourcecode.c.h; path = HXReplyViewController.h; sourceTree = "<group>"; };
		A9283AD91BAC01FB002A6446 /* HXReplyViewController.m */ = {isa = PBXFileReference; fileEncoding = 4; lastKnownFileType = sourcecode.c.objc; path = HXReplyViewController.m; sourceTree = "<group>"; };
		A9283ADB1BAC02CB002A6446 /* HXReplyCell.h */ = {isa = PBXFileReference; fileEncoding = 4; lastKnownFileType = sourcecode.c.h; path = HXReplyCell.h; sourceTree = "<group>"; };
		A9283ADC1BAC02CB002A6446 /* HXReplyCell.m */ = {isa = PBXFileReference; fileEncoding = 4; lastKnownFileType = sourcecode.c.objc; path = HXReplyCell.m; sourceTree = "<group>"; };
		A9283ADE1BAC04FF002A6446 /* HXReplyHeader.h */ = {isa = PBXFileReference; fileEncoding = 4; lastKnownFileType = sourcecode.c.h; path = HXReplyHeader.h; sourceTree = "<group>"; };
		A9283ADF1BAC04FF002A6446 /* HXReplyHeader.m */ = {isa = PBXFileReference; fileEncoding = 4; lastKnownFileType = sourcecode.c.objc; path = HXReplyHeader.m; sourceTree = "<group>"; };
		A9283AE11BAC050F002A6446 /* HXReplyHeader.xib */ = {isa = PBXFileReference; fileEncoding = 4; lastKnownFileType = file.xib; path = HXReplyHeader.xib; sourceTree = "<group>"; };
		A976A1D91BAB12BC00285CCF /* HXMainViewController.h */ = {isa = PBXFileReference; fileEncoding = 4; lastKnownFileType = sourcecode.c.h; path = HXMainViewController.h; sourceTree = "<group>"; };
		A976A1DA1BAB12BC00285CCF /* HXMainViewController.m */ = {isa = PBXFileReference; fileEncoding = 4; lastKnownFileType = sourcecode.c.objc; path = HXMainViewController.m; sourceTree = "<group>"; };
		A976A1DB1BAB12BC00285CCF /* HXMainViewController.xib */ = {isa = PBXFileReference; fileEncoding = 4; lastKnownFileType = file.xib; path = HXMainViewController.xib; sourceTree = "<group>"; };
		A976A1DE1BAB12F200285CCF /* HXNavigationController.h */ = {isa = PBXFileReference; fileEncoding = 4; lastKnownFileType = sourcecode.c.h; path = HXNavigationController.h; sourceTree = "<group>"; };
		A976A1DF1BAB12F200285CCF /* HXNavigationController.m */ = {isa = PBXFileReference; fileEncoding = 4; lastKnownFileType = sourcecode.c.objc; path = HXNavigationController.m; sourceTree = "<group>"; };
		A994CB951BA6E65800A39A71 /* News.app */ = {isa = PBXFileReference; explicitFileType = wrapper.application; includeInIndex = 0; path = News.app; sourceTree = BUILT_PRODUCTS_DIR; };
		A994CB991BA6E65800A39A71 /* Info.plist */ = {isa = PBXFileReference; lastKnownFileType = text.plist.xml; path = Info.plist; sourceTree = "<group>"; };
		A994CBA51BA6E65800A39A71 /* Images.xcassets */ = {isa = PBXFileReference; lastKnownFileType = folder.assetcatalog; path = Images.xcassets; sourceTree = "<group>"; };
		A994CBA81BA6E65800A39A71 /* Base */ = {isa = PBXFileReference; lastKnownFileType = file.xib; name = Base; path = Base.lproj/LaunchScreen.xib; sourceTree = "<group>"; };
		A994CBAE1BA6E65800A39A71 /* NewsTests.xctest */ = {isa = PBXFileReference; explicitFileType = wrapper.cfbundle; includeInIndex = 0; path = NewsTests.xctest; sourceTree = BUILT_PRODUCTS_DIR; };
		A994CBB31BA6E65800A39A71 /* Info.plist */ = {isa = PBXFileReference; lastKnownFileType = text.plist.xml; path = Info.plist; sourceTree = "<group>"; };
		A994CBB41BA6E65800A39A71 /* NewsTests.m */ = {isa = PBXFileReference; lastKnownFileType = sourcecode.c.objc; path = NewsTests.m; sourceTree = "<group>"; };
		A994CBC21BA6E73B00A39A71 /* AppDelegate.h */ = {isa = PBXFileReference; fileEncoding = 4; lastKnownFileType = sourcecode.c.h; path = AppDelegate.h; sourceTree = "<group>"; };
		A994CBC31BA6E73B00A39A71 /* AppDelegate.m */ = {isa = PBXFileReference; fileEncoding = 4; lastKnownFileType = sourcecode.c.objc; path = AppDelegate.m; sourceTree = "<group>"; };
		A994CBC41BA6E73B00A39A71 /* main.m */ = {isa = PBXFileReference; fileEncoding = 4; lastKnownFileType = sourcecode.c.objc; path = main.m; sourceTree = "<group>"; };
		A9D8469F1BAB9A5400707C62 /* HXTitleLabel.h */ = {isa = PBXFileReference; fileEncoding = 4; lastKnownFileType = sourcecode.c.h; path = HXTitleLabel.h; sourceTree = "<group>"; };
		A9D846A01BAB9A5400707C62 /* HXTitleLabel.m */ = {isa = PBXFileReference; fileEncoding = 4; lastKnownFileType = sourcecode.c.objc; path = HXTitleLabel.m; sourceTree = "<group>"; };
		A9D846A21BAB9B8E00707C62 /* NewsURLs.plist */ = {isa = PBXFileReference; fileEncoding = 4; lastKnownFileType = text.plist.xml; path = NewsURLs.plist; sourceTree = "<group>"; };
		A9D846A61BAB9CA400707C62 /* UIView+Extension.h */ = {isa = PBXFileReference; fileEncoding = 4; lastKnownFileType = sourcecode.c.h; path = "UIView+Extension.h"; sourceTree = "<group>"; };
		A9D846A71BAB9CA400707C62 /* UIView+Extension.m */ = {isa = PBXFileReference; fileEncoding = 4; lastKnownFileType = sourcecode.c.objc; path = "UIView+Extension.m"; sourceTree = "<group>"; };
		A9D846A91BAB9E0D00707C62 /* News.storyboard */ = {isa = PBXFileReference; fileEncoding = 4; lastKnownFileType = file.storyboard; path = News.storyboard; sourceTree = "<group>"; };
		A9D846AB1BAB9E8A00707C62 /* HXTableViewController.h */ = {isa = PBXFileReference; fileEncoding = 4; lastKnownFileType = sourcecode.c.h; path = HXTableViewController.h; sourceTree = "<group>"; };
		A9D846AC1BAB9E8A00707C62 /* HXTableViewController.m */ = {isa = PBXFileReference; fileEncoding = 4; lastKnownFileType = sourcecode.c.objc; path = HXTableViewController.m; sourceTree = "<group>"; };
		A9D847371BABDEA700707C62 /* HXNewsModel.h */ = {isa = PBXFileReference; fileEncoding = 4; lastKnownFileType = sourcecode.c.h; path = HXNewsModel.h; sourceTree = "<group>"; };
		A9D847381BABDEA700707C62 /* HXNewsModel.m */ = {isa = PBXFileReference; fileEncoding = 4; lastKnownFileType = sourcecode.c.objc; path = HXNewsModel.m; sourceTree = "<group>"; };
		A9D8473B1BABE05800707C62 /* HXNetworkTool.h */ = {isa = PBXFileReference; fileEncoding = 4; lastKnownFileType = sourcecode.c.h; path = HXNetworkTool.h; sourceTree = "<group>"; };
		A9D8473C1BABE05800707C62 /* HXNetworkTool.m */ = {isa = PBXFileReference; fileEncoding = 4; lastKnownFileType = sourcecode.c.objc; path = HXNetworkTool.m; sourceTree = "<group>"; };
		A9D8473E1BABE1F300707C62 /* HXNewsCell.h */ = {isa = PBXFileReference; fileEncoding = 4; lastKnownFileType = sourcecode.c.h; path = HXNewsCell.h; sourceTree = "<group>"; };
		A9D8473F1BABE1F300707C62 /* HXNewsCell.m */ = {isa = PBXFileReference; fileEncoding = 4; lastKnownFileType = sourcecode.c.objc; path = HXNewsCell.m; sourceTree = "<group>"; };
		A9D847481BABE4F200707C62 /* HXDetailController.h */ = {isa = PBXFileReference; fileEncoding = 4; lastKnownFileType = sourcecode.c.h; path = HXDetailController.h; sourceTree = "<group>"; };
		A9D847491BABE4F200707C62 /* HXDetailController.m */ = {isa = PBXFileReference; fileEncoding = 4; lastKnownFileType = sourcecode.c.objc; path = HXDetailController.m; sourceTree = "<group>"; };
		A9D8474B1BABE5EE00707C62 /* HXDetailModel.h */ = {isa = PBXFileReference; fileEncoding = 4; lastKnownFileType = sourcecode.c.h; path = HXDetailModel.h; sourceTree = "<group>"; };
		A9D8474C1BABE5EE00707C62 /* HXDetailModel.m */ = {isa = PBXFileReference; fileEncoding = 4; lastKnownFileType = sourcecode.c.objc; path = HXDetailModel.m; sourceTree = "<group>"; };
		A9D8474E1BABE6C300707C62 /* HXHTTPManager.h */ = {isa = PBXFileReference; fileEncoding = 4; lastKnownFileType = sourcecode.c.h; path = HXHTTPManager.h; sourceTree = "<group>"; };
		A9D8474F1BABE6C300707C62 /* HXHTTPManager.m */ = {isa = PBXFileReference; fileEncoding = 4; lastKnownFileType = sourcecode.c.objc; path = HXHTTPManager.m; sourceTree = "<group>"; };
		A9D847511BABE73B00707C62 /* HXDetailImgModel.h */ = {isa = PBXFileReference; fileEncoding = 4; lastKnownFileType = sourcecode.c.h; path = HXDetailImgModel.h; sourceTree = "<group>"; };
		A9D847521BABE73B00707C62 /* HXDetailImgModel.m */ = {isa = PBXFileReference; fileEncoding = 4; lastKnownFileType = sourcecode.c.objc; path = HXDetailImgModel.m; sourceTree = "<group>"; };
		A9D847541BABE7CB00707C62 /* HXReplyModel.h */ = {isa = PBXFileReference; fileEncoding = 4; lastKnownFileType = sourcecode.c.h; path = HXReplyModel.h; sourceTree = "<group>"; };
		A9D847551BABE7CB00707C62 /* HXReplyModel.m */ = {isa = PBXFileReference; fileEncoding = 4; lastKnownFileType = sourcecode.c.objc; path = HXReplyModel.m; sourceTree = "<group>"; };
		A9D847571BABEA7000707C62 /* SXDetails.css */ = {isa = PBXFileReference; fileEncoding = 4; lastKnownFileType = text.css; path = SXDetails.css; sourceTree = "<group>"; };
		A9D847591BABF1B700707C62 /* HYQiHei-50J.ttf */ = {isa = PBXFileReference; lastKnownFileType = file; path = "HYQiHei-50J.ttf"; sourceTree = "<group>"; };
		A9D8475F1BABF6EF00707C62 /* HXPhotoSetController.h */ = {isa = PBXFileReference; fileEncoding = 4; lastKnownFileType = sourcecode.c.h; path = HXPhotoSetController.h; sourceTree = "<group>"; };
		A9D847601BABF6EF00707C62 /* HXPhotoSetController.m */ = {isa = PBXFileReference; fileEncoding = 4; lastKnownFileType = sourcecode.c.objc; path = HXPhotoSetController.m; sourceTree = "<group>"; };
		A9D847621BABF7A900707C62 /* HXPhotoSet.h */ = {isa = PBXFileReference; fileEncoding = 4; lastKnownFileType = sourcecode.c.h; path = HXPhotoSet.h; sourceTree = "<group>"; };
		A9D847631BABF7A900707C62 /* HXPhotoSet.m */ = {isa = PBXFileReference; fileEncoding = 4; lastKnownFileType = sourcecode.c.objc; path = HXPhotoSet.m; sourceTree = "<group>"; };
		A9D847651BABF7DD00707C62 /* HXPhotosDetail.h */ = {isa = PBXFileReference; fileEncoding = 4; lastKnownFileType = sourcecode.c.h; path = HXPhotosDetail.h; sourceTree = "<group>"; };
		A9D847661BABF7DD00707C62 /* HXPhotosDetail.m */ = {isa = PBXFileReference; fileEncoding = 4; lastKnownFileType = sourcecode.c.objc; path = HXPhotosDetail.m; sourceTree = "<group>"; };
		A9D847681BAC00A800707C62 /* MJExtensionConfig.h */ = {isa = PBXFileReference; fileEncoding = 4; lastKnownFileType = sourcecode.c.h; path = MJExtensionConfig.h; sourceTree = "<group>"; };
		A9D847691BAC00A800707C62 /* MJExtensionConfig.m */ = {isa = PBXFileReference; fileEncoding = 4; lastKnownFileType = sourcecode.c.objc; path = MJExtensionConfig.m; sourceTree = "<group>"; };
		C263CF10F54599BD8AF13381 /* Pods.debug.xcconfig */ = {isa = PBXFileReference; includeInIndex = 1; lastKnownFileType = text.xcconfig; name = Pods.debug.xcconfig; path = "Pods/Target Support Files/Pods/Pods.debug.xcconfig"; sourceTree = "<group>"; };
/* End PBXFileReference section */

/* Begin PBXFrameworksBuildPhase section */
		A994CB921BA6E65800A39A71 /* Frameworks */ = {
			isa = PBXFrameworksBuildPhase;
			buildActionMask = 2147483647;
			files = (
				E72B77B31D4F3243B06A7971 /* libPods.a in Frameworks */,
			);
			runOnlyForDeploymentPostprocessing = 0;
		};
		A994CBAB1BA6E65800A39A71 /* Frameworks */ = {
			isa = PBXFrameworksBuildPhase;
			buildActionMask = 2147483647;
			files = (
			);
			runOnlyForDeploymentPostprocessing = 0;
		};
/* End PBXFrameworksBuildPhase section */

/* Begin PBXGroup section */
		041EB68F1BAFA914006FD88A /* Controller */ = {
			isa = PBXGroup;
			children = (
			);
			name = Controller;
			sourceTree = "<group>";
		};
		041EB6901BAFA91F006FD88A /* View */ = {
			isa = PBXGroup;
			children = (
				0453B4EA1BAF8D73002786EA /* JLWeatherDetailVC.xib */,
				0453B4E81BAF8D73002786EA /* JLWeatherDetailVC.h */,
				0453B4E91BAF8D73002786EA /* JLWeatherDetailVC.m */,
				0453B4ED1BAF8D73002786EA /* JLWeatherItemView.xib */,
				0453B4EB1BAF8D73002786EA /* JLWeatherItemView.h */,
				0453B4EC1BAF8D73002786EA /* JLWeatherItemView.m */,
				0453B4F21BAF8D73002786EA /* JLWeatherView.xib */,
				0453B4F01BAF8D73002786EA /* JLWeatherView.h */,
				0453B4F11BAF8D73002786EA /* JLWeatherView.m */,
			);
			name = View;
			sourceTree = "<group>";
		};
		041EB6911BAFA927006FD88A /* Model */ = {
			isa = PBXGroup;
			children = (
				0453B4EE1BAF8D73002786EA /* JLWeatherModel.h */,
				0453B4EF1BAF8D73002786EA /* JLWeatherModel.m */,
				0453B4E41BAF8D73002786EA /* JLWeatherBgM.h */,
				0453B4E51BAF8D73002786EA /* JLWeatherBgM.m */,
				0453B4E61BAF8D73002786EA /* JLWeatherDetailM.h */,
				0453B4E71BAF8D73002786EA /* JLWeatherDetailM.m */,
			);
			name = Model;
			sourceTree = "<group>";
		};
		0453B4E31BAF8C4B002786EA /* Weather */ = {
			isa = PBXGroup;
			children = (
				041EB6911BAFA927006FD88A /* Model */,
				041EB6901BAFA91F006FD88A /* View */,
				041EB68F1BAFA914006FD88A /* Controller */,
			);
			name = Weather;
			sourceTree = "<group>";
		};
		A976A1D51BAB11F500285CCF /* News */ = {
			isa = PBXGroup;
			children = (
				0453B4E31BAF8C4B002786EA /* Weather */,
				A9D8475B1BABF6BA00707C62 /* PhotoSet */,
				A9D847441BABE4D600707C62 /* Detail */,
				A9D8473A1BABE03C00707C62 /* Tools */,
				A976A1D61BAB11F500285CCF /* Controller */,
				A976A1D71BAB11F500285CCF /* Model */,
				A976A1D81BAB11F500285CCF /* View */,
			);
			path = News;
			sourceTree = "<group>";
		};
		A976A1D61BAB11F500285CCF /* Controller */ = {
			isa = PBXGroup;
			children = (
				A976A1D91BAB12BC00285CCF /* HXMainViewController.h */,
				A976A1DA1BAB12BC00285CCF /* HXMainViewController.m */,
				A976A1DB1BAB12BC00285CCF /* HXMainViewController.xib */,
				A9D846AB1BAB9E8A00707C62 /* HXTableViewController.h */,
				A9D846AC1BAB9E8A00707C62 /* HXTableViewController.m */,
			);
			path = Controller;
			sourceTree = "<group>";
		};
		A976A1D71BAB11F500285CCF /* Model */ = {
			isa = PBXGroup;
			children = (
				A9D847371BABDEA700707C62 /* HXNewsModel.h */,
				A9D847381BABDEA700707C62 /* HXNewsModel.m */,
			);
			path = Model;
			sourceTree = "<group>";
		};
		A976A1D81BAB11F500285CCF /* View */ = {
			isa = PBXGroup;
			children = (
				A9D846A91BAB9E0D00707C62 /* News.storyboard */,
				A9D8469F1BAB9A5400707C62 /* HXTitleLabel.h */,
				A9D846A01BAB9A5400707C62 /* HXTitleLabel.m */,
				A9D8473E1BABE1F300707C62 /* HXNewsCell.h */,
				A9D8473F1BABE1F300707C62 /* HXNewsCell.m */,
			);
			path = View;
			sourceTree = "<group>";
		};
		A994CB8C1BA6E65800A39A71 = {
			isa = PBXGroup;
			children = (
				A994CB971BA6E65800A39A71 /* News */,
				A994CBB11BA6E65800A39A71 /* NewsTests */,
				A994CB961BA6E65800A39A71 /* Products */,
				D994BA72EFD6DFB8072839E0 /* Pods */,
				F22A3C8EC91237E50B8BBBB2 /* Frameworks */,
			);
			sourceTree = "<group>";
		};
		A994CB961BA6E65800A39A71 /* Products */ = {
			isa = PBXGroup;
			children = (
				A994CB951BA6E65800A39A71 /* News.app */,
				A994CBAE1BA6E65800A39A71 /* NewsTests.xctest */,
			);
			name = Products;
			sourceTree = "<group>";
		};
		A994CB971BA6E65800A39A71 /* News */ = {
			isa = PBXGroup;
			children = (
				A994CBBE1BA6E73B00A39A71 /* Classes */,
				A994CB981BA6E65800A39A71 /* Supporting Files */,
			);
			path = News;
			sourceTree = "<group>";
		};
		A994CB981BA6E65800A39A71 /* Supporting Files */ = {
			isa = PBXGroup;
			children = (
				A9D847591BABF1B700707C62 /* HYQiHei-50J.ttf */,
				A9D847571BABEA7000707C62 /* SXDetails.css */,
				A9D846A21BAB9B8E00707C62 /* NewsURLs.plist */,
				A994CBA51BA6E65800A39A71 /* Images.xcassets */,
				A994CBA71BA6E65800A39A71 /* LaunchScreen.xib */,
				A994CB991BA6E65800A39A71 /* Info.plist */,
			);
			name = "Supporting Files";
			sourceTree = "<group>";
		};
		A994CBB11BA6E65800A39A71 /* NewsTests */ = {
			isa = PBXGroup;
			children = (
				A994CBB41BA6E65800A39A71 /* NewsTests.m */,
				A994CBB21BA6E65800A39A71 /* Supporting Files */,
			);
			path = NewsTests;
			sourceTree = "<group>";
		};
		A994CBB21BA6E65800A39A71 /* Supporting Files */ = {
			isa = PBXGroup;
			children = (
				A994CBB31BA6E65800A39A71 /* Info.plist */,
			);
			name = "Supporting Files";
			sourceTree = "<group>";
		};
		A994CBBE1BA6E73B00A39A71 /* Classes */ = {
			isa = PBXGroup;
			children = (
				A976A1D51BAB11F500285CCF /* News */,
				A994CBBF1BA6E73B00A39A71 /* Main */,
			);
			path = Classes;
			sourceTree = "<group>";
		};
		A994CBBF1BA6E73B00A39A71 /* Main */ = {
			isa = PBXGroup;
			children = (
				A9D847681BAC00A800707C62 /* MJExtensionConfig.h */,
				A9D847691BAC00A800707C62 /* MJExtensionConfig.m */,
				A9D846A41BAB9C9700707C62 /* Category */,
				A994CBC01BA6E73B00A39A71 /* Controller */,
				A994CBC11BA6E73B00A39A71 /* Other */,
			);
			path = Main;
			sourceTree = "<group>";
		};
		A994CBC01BA6E73B00A39A71 /* Controller */ = {
			isa = PBXGroup;
			children = (
				A976A1DE1BAB12F200285CCF /* HXNavigationController.h */,
				A976A1DF1BAB12F200285CCF /* HXNavigationController.m */,
			);
			path = Controller;
			sourceTree = "<group>";
		};
		A994CBC11BA6E73B00A39A71 /* Other */ = {
			isa = PBXGroup;
			children = (
				A994CBC21BA6E73B00A39A71 /* AppDelegate.h */,
				A994CBC31BA6E73B00A39A71 /* AppDelegate.m */,
				A994CBC41BA6E73B00A39A71 /* main.m */,
			);
			path = Other;
			sourceTree = "<group>";
		};
		A9D846A41BAB9C9700707C62 /* Category */ = {
			isa = PBXGroup;
			children = (
				A9D846A51BAB9CA400707C62 /* UIView+Extension */,
			);
			path = Category;
			sourceTree = "<group>";
		};
		A9D846A51BAB9CA400707C62 /* UIView+Extension */ = {
			isa = PBXGroup;
			children = (
				A9D846A61BAB9CA400707C62 /* UIView+Extension.h */,
				A9D846A71BAB9CA400707C62 /* UIView+Extension.m */,
			);
			path = "UIView+Extension";
			sourceTree = "<group>";
		};
		A9D8473A1BABE03C00707C62 /* Tools */ = {
			isa = PBXGroup;
			children = (
				A9D8473B1BABE05800707C62 /* HXNetworkTool.h */,
				A9D8473C1BABE05800707C62 /* HXNetworkTool.m */,
				A9D8474E1BABE6C300707C62 /* HXHTTPManager.h */,
				A9D8474F1BABE6C300707C62 /* HXHTTPManager.m */,
			);
			path = Tools;
			sourceTree = "<group>";
		};
		A9D847441BABE4D600707C62 /* Detail */ = {
			isa = PBXGroup;
			children = (
				A9D847451BABE4D600707C62 /* Controller */,
				A9D847461BABE4D600707C62 /* Model */,
				A9D847471BABE4D600707C62 /* View */,
			);
			path = Detail;
			sourceTree = "<group>";
		};
		A9D847451BABE4D600707C62 /* Controller */ = {
			isa = PBXGroup;
			children = (
				A9D847481BABE4F200707C62 /* HXDetailController.h */,
				A9D847491BABE4F200707C62 /* HXDetailController.m */,
				A9283AD81BAC01FB002A6446 /* HXReplyViewController.h */,
				A9283AD91BAC01FB002A6446 /* HXReplyViewController.m */,
			);
			path = Controller;
			sourceTree = "<group>";
		};
		A9D847461BABE4D600707C62 /* Model */ = {
			isa = PBXGroup;
			children = (
				A9D8474B1BABE5EE00707C62 /* HXDetailModel.h */,
				A9D8474C1BABE5EE00707C62 /* HXDetailModel.m */,
				A9D847511BABE73B00707C62 /* HXDetailImgModel.h */,
				A9D847521BABE73B00707C62 /* HXDetailImgModel.m */,
				A9D847541BABE7CB00707C62 /* HXReplyModel.h */,
				A9D847551BABE7CB00707C62 /* HXReplyModel.m */,
			);
			path = Model;
			sourceTree = "<group>";
		};
		A9D847471BABE4D600707C62 /* View */ = {
			isa = PBXGroup;
			children = (
				A9283ADB1BAC02CB002A6446 /* HXReplyCell.h */,
				A9283ADC1BAC02CB002A6446 /* HXReplyCell.m */,
				A9283ADE1BAC04FF002A6446 /* HXReplyHeader.h */,
				A9283ADF1BAC04FF002A6446 /* HXReplyHeader.m */,
				A9283AE11BAC050F002A6446 /* HXReplyHeader.xib */,
			);
			path = View;
			sourceTree = "<group>";
		};
		A9D8475B1BABF6BA00707C62 /* PhotoSet */ = {
			isa = PBXGroup;
			children = (
				A9D8475C1BABF6BA00707C62 /* Controller */,
				A9D8475D1BABF6BA00707C62 /* Model */,
				A9D8475E1BABF6BA00707C62 /* View */,
			);
			path = PhotoSet;
			sourceTree = "<group>";
		};
		A9D8475C1BABF6BA00707C62 /* Controller */ = {
			isa = PBXGroup;
			children = (
				A9D8475F1BABF6EF00707C62 /* HXPhotoSetController.h */,
				A9D847601BABF6EF00707C62 /* HXPhotoSetController.m */,
			);
			path = Controller;
			sourceTree = "<group>";
		};
		A9D8475D1BABF6BA00707C62 /* Model */ = {
			isa = PBXGroup;
			children = (
				A9D847621BABF7A900707C62 /* HXPhotoSet.h */,
				A9D847631BABF7A900707C62 /* HXPhotoSet.m */,
				A9D847651BABF7DD00707C62 /* HXPhotosDetail.h */,
				A9D847661BABF7DD00707C62 /* HXPhotosDetail.m */,
			);
			path = Model;
			sourceTree = "<group>";
		};
		A9D8475E1BABF6BA00707C62 /* View */ = {
			isa = PBXGroup;
			children = (
			);
			path = View;
			sourceTree = "<group>";
		};
		D994BA72EFD6DFB8072839E0 /* Pods */ = {
			isa = PBXGroup;
			children = (
				C263CF10F54599BD8AF13381 /* Pods.debug.xcconfig */,
				277C19C96A9B1DA27D05AA61 /* Pods.release.xcconfig */,
			);
			name = Pods;
			sourceTree = "<group>";
		};
		F22A3C8EC91237E50B8BBBB2 /* Frameworks */ = {
			isa = PBXGroup;
			children = (
				50BC2499DB49A48ADA4106DA /* libPods.a */,
			);
			name = Frameworks;
			sourceTree = "<group>";
		};
/* End PBXGroup section */

/* Begin PBXNativeTarget section */
		A994CB941BA6E65800A39A71 /* News */ = {
			isa = PBXNativeTarget;
			buildConfigurationList = A994CBB81BA6E65800A39A71 /* Build configuration list for PBXNativeTarget "News" */;
			buildPhases = (
				5A95A6054DA3A3D16E142A2A /* Check Pods Manifest.lock */,
				A994CB911BA6E65800A39A71 /* Sources */,
				A994CB921BA6E65800A39A71 /* Frameworks */,
				A994CB931BA6E65800A39A71 /* Resources */,
				6C0C2839A5C571B99FAB1626 /* Copy Pods Resources */,
			);
			buildRules = (
			);
			dependencies = (
			);
			name = News;
			productName = News;
			productReference = A994CB951BA6E65800A39A71 /* News.app */;
			productType = "com.apple.product-type.application";
		};
		A994CBAD1BA6E65800A39A71 /* NewsTests */ = {
			isa = PBXNativeTarget;
			buildConfigurationList = A994CBBB1BA6E65800A39A71 /* Build configuration list for PBXNativeTarget "NewsTests" */;
			buildPhases = (
				A994CBAA1BA6E65800A39A71 /* Sources */,
				A994CBAB1BA6E65800A39A71 /* Frameworks */,
				A994CBAC1BA6E65800A39A71 /* Resources */,
			);
			buildRules = (
			);
			dependencies = (
				A994CBB01BA6E65800A39A71 /* PBXTargetDependency */,
			);
			name = NewsTests;
			productName = NewsTests;
			productReference = A994CBAE1BA6E65800A39A71 /* NewsTests.xctest */;
			productType = "com.apple.product-type.bundle.unit-test";
		};
/* End PBXNativeTarget section */

/* Begin PBXProject section */
		A994CB8D1BA6E65800A39A71 /* Project object */ = {
			isa = PBXProject;
			attributes = {
				CLASSPREFIX = "";
				LastUpgradeCheck = 0640;
				ORGANIZATIONNAME = huangx;
				TargetAttributes = {
					A994CB941BA6E65800A39A71 = {
						CreatedOnToolsVersion = 6.4;
					};
					A994CBAD1BA6E65800A39A71 = {
						CreatedOnToolsVersion = 6.4;
						TestTargetID = A994CB941BA6E65800A39A71;
					};
				};
			};
			buildConfigurationList = A994CB901BA6E65800A39A71 /* Build configuration list for PBXProject "News" */;
			compatibilityVersion = "Xcode 3.2";
			developmentRegion = English;
			hasScannedForEncodings = 0;
			knownRegions = (
				en,
				Base,
			);
			mainGroup = A994CB8C1BA6E65800A39A71;
			productRefGroup = A994CB961BA6E65800A39A71 /* Products */;
			projectDirPath = "";
			projectRoot = "";
			targets = (
				A994CB941BA6E65800A39A71 /* News */,
				A994CBAD1BA6E65800A39A71 /* NewsTests */,
			);
		};
/* End PBXProject section */

/* Begin PBXResourcesBuildPhase section */
		A994CB931BA6E65800A39A71 /* Resources */ = {
			isa = PBXResourcesBuildPhase;
			buildActionMask = 2147483647;
			files = (
				A9D8475A1BABF5D400707C62 /* HYQiHei-50J.ttf in Resources */,
				0453B4F81BAF8D73002786EA /* JLWeatherItemView.xib in Resources */,
				A994CBA91BA6E65800A39A71 /* LaunchScreen.xib in Resources */,
				A994CBA61BA6E65800A39A71 /* Images.xcassets in Resources */,
				A9D846AA1BAB9E0D00707C62 /* News.storyboard in Resources */,
				0453B4F61BAF8D73002786EA /* JLWeatherDetailVC.xib in Resources */,
				0453B4FB1BAF8D73002786EA /* JLWeatherView.xib in Resources */,
				A9D847581BABEA7000707C62 /* SXDetails.css in Resources */,
				A976A1DD1BAB12BC00285CCF /* HXMainViewController.xib in Resources */,
				A9D846A31BAB9B8E00707C62 /* NewsURLs.plist in Resources */,
				A9283AE21BAC050F002A6446 /* HXReplyHeader.xib in Resources */,
			);
			runOnlyForDeploymentPostprocessing = 0;
		};
		A994CBAC1BA6E65800A39A71 /* Resources */ = {
			isa = PBXResourcesBuildPhase;
			buildActionMask = 2147483647;
			files = (
			);
			runOnlyForDeploymentPostprocessing = 0;
		};
/* End PBXResourcesBuildPhase section */

/* Begin PBXShellScriptBuildPhase section */
		5A95A6054DA3A3D16E142A2A /* Check Pods Manifest.lock */ = {
			isa = PBXShellScriptBuildPhase;
			buildActionMask = 2147483647;
			files = (
			);
			inputPaths = (
			);
			name = "Check Pods Manifest.lock";
			outputPaths = (
			);
			runOnlyForDeploymentPostprocessing = 0;
			shellPath = /bin/sh;
			shellScript = "diff \"${PODS_ROOT}/../Podfile.lock\" \"${PODS_ROOT}/Manifest.lock\" > /dev/null\nif [[ $? != 0 ]] ; then\n    cat << EOM\nerror: The sandbox is not in sync with the Podfile.lock. Run 'pod install' or update your CocoaPods installation.\nEOM\n    exit 1\nfi\n";
			showEnvVarsInLog = 0;
		};
		6C0C2839A5C571B99FAB1626 /* Copy Pods Resources */ = {
			isa = PBXShellScriptBuildPhase;
			buildActionMask = 2147483647;
			files = (
			);
			inputPaths = (
			);
			name = "Copy Pods Resources";
			outputPaths = (
			);
			runOnlyForDeploymentPostprocessing = 0;
			shellPath = /bin/sh;
			shellScript = "\"${SRCROOT}/Pods/Target Support Files/Pods/Pods-resources.sh\"\n";
			showEnvVarsInLog = 0;
		};
/* End PBXShellScriptBuildPhase section */

/* Begin PBXSourcesBuildPhase section */
		A994CB911BA6E65800A39A71 /* Sources */ = {
			isa = PBXSourcesBuildPhase;
			buildActionMask = 2147483647;
			files = (
				A9D846A81BAB9CA400707C62 /* UIView+Extension.m in Sources */,
				A994CBC61BA6E73B00A39A71 /* main.m in Sources */,
				A9D846AD1BAB9E8A00707C62 /* HXTableViewController.m in Sources */,
				A9D846A11BAB9A5400707C62 /* HXTitleLabel.m in Sources */,
				A9D847401BABE1F300707C62 /* HXNewsCell.m in Sources */,
				A9283AE01BAC04FF002A6446 /* HXReplyHeader.m in Sources */,
				A976A1DC1BAB12BC00285CCF /* HXMainViewController.m in Sources */,
				A9D847531BABE73B00707C62 /* HXDetailImgModel.m in Sources */,
				0453B4FA1BAF8D73002786EA /* JLWeatherView.m in Sources */,
				0453B4F41BAF8D73002786EA /* JLWeatherDetailM.m in Sources */,
				A9D8474A1BABE4F200707C62 /* HXDetailController.m in Sources */,
				A9283ADD1BAC02CB002A6446 /* HXReplyCell.m in Sources */,
				A994CBC51BA6E73B00A39A71 /* AppDelegate.m in Sources */,
				A9D847501BABE6C300707C62 /* HXHTTPManager.m in Sources */,
				A9D847391BABDEA700707C62 /* HXNewsModel.m in Sources */,
				A9D847671BABF7DD00707C62 /* HXPhotosDetail.m in Sources */,
				0453B4F91BAF8D73002786EA /* JLWeatherModel.m in Sources */,
				A9D847611BABF6EF00707C62 /* HXPhotoSetController.m in Sources */,
				A9283ADA1BAC01FB002A6446 /* HXReplyViewController.m in Sources */,
				0453B4F31BAF8D73002786EA /* JLWeatherBgM.m in Sources */,
				0453B4F51BAF8D73002786EA /* JLWeatherDetailVC.m in Sources */,
				A976A1E01BAB12F200285CCF /* HXNavigationController.m in Sources */,
				A9D8476A1BAC00A800707C62 /* MJExtensionConfig.m in Sources */,
				A9D847561BABE7CB00707C62 /* HXReplyModel.m in Sources */,
				A9D8474D1BABE5EE00707C62 /* HXDetailModel.m in Sources */,
				A9D847641BABF7A900707C62 /* HXPhotoSet.m in Sources */,
				A9D8473D1BABE05800707C62 /* HXNetworkTool.m in Sources */,
				0453B4F71BAF8D73002786EA /* JLWeatherItemView.m in Sources */,
			);
			runOnlyForDeploymentPostprocessing = 0;
		};
		A994CBAA1BA6E65800A39A71 /* Sources */ = {
			isa = PBXSourcesBuildPhase;
			buildActionMask = 2147483647;
			files = (
				A994CBB51BA6E65800A39A71 /* NewsTests.m in Sources */,
			);
			runOnlyForDeploymentPostprocessing = 0;
		};
/* End PBXSourcesBuildPhase section */

/* Begin PBXTargetDependency section */
		A994CBB01BA6E65800A39A71 /* PBXTargetDependency */ = {
			isa = PBXTargetDependency;
			target = A994CB941BA6E65800A39A71 /* News */;
			targetProxy = A994CBAF1BA6E65800A39A71 /* PBXContainerItemProxy */;
		};
/* End PBXTargetDependency section */

/* Begin PBXVariantGroup section */
		A994CBA71BA6E65800A39A71 /* LaunchScreen.xib */ = {
			isa = PBXVariantGroup;
			children = (
				A994CBA81BA6E65800A39A71 /* Base */,
			);
			name = LaunchScreen.xib;
			sourceTree = "<group>";
		};
/* End PBXVariantGroup section */

/* Begin XCBuildConfiguration section */
		A994CBB61BA6E65800A39A71 /* Debug */ = {
			isa = XCBuildConfiguration;
			buildSettings = {
				ALWAYS_SEARCH_USER_PATHS = NO;
				CLANG_CXX_LANGUAGE_STANDARD = "gnu++0x";
				CLANG_CXX_LIBRARY = "libc++";
				CLANG_ENABLE_MODULES = YES;
				CLANG_ENABLE_OBJC_ARC = YES;
				CLANG_WARN_BOOL_CONVERSION = YES;
				CLANG_WARN_CONSTANT_CONVERSION = YES;
				CLANG_WARN_DIRECT_OBJC_ISA_USAGE = YES_ERROR;
				CLANG_WARN_EMPTY_BODY = YES;
				CLANG_WARN_ENUM_CONVERSION = YES;
				CLANG_WARN_INT_CONVERSION = YES;
				CLANG_WARN_OBJC_ROOT_CLASS = YES_ERROR;
				CLANG_WARN_UNREACHABLE_CODE = YES;
				CLANG_WARN__DUPLICATE_METHOD_MATCH = YES;
				"CODE_SIGN_IDENTITY[sdk=iphoneos*]" = "iPhone Developer";
				COPY_PHASE_STRIP = NO;
				DEBUG_INFORMATION_FORMAT = "dwarf-with-dsym";
				ENABLE_STRICT_OBJC_MSGSEND = YES;
				GCC_C_LANGUAGE_STANDARD = gnu99;
				GCC_DYNAMIC_NO_PIC = NO;
				GCC_NO_COMMON_BLOCKS = YES;
				GCC_OPTIMIZATION_LEVEL = 0;
				GCC_PREPROCESSOR_DEFINITIONS = (
					"DEBUG=1",
					"$(inherited)",
				);
				GCC_SYMBOLS_PRIVATE_EXTERN = NO;
				GCC_WARN_64_TO_32_BIT_CONVERSION = YES;
				GCC_WARN_ABOUT_RETURN_TYPE = YES_ERROR;
				GCC_WARN_UNDECLARED_SELECTOR = YES;
				GCC_WARN_UNINITIALIZED_AUTOS = YES_AGGRESSIVE;
				GCC_WARN_UNUSED_FUNCTION = YES;
				GCC_WARN_UNUSED_VARIABLE = YES;
				IPHONEOS_DEPLOYMENT_TARGET = 8.4;
				MTL_ENABLE_DEBUG_INFO = YES;
				ONLY_ACTIVE_ARCH = YES;
				SDKROOT = iphoneos;
			};
			name = Debug;
		};
		A994CBB71BA6E65800A39A71 /* Release */ = {
			isa = XCBuildConfiguration;
			buildSettings = {
				ALWAYS_SEARCH_USER_PATHS = NO;
				CLANG_CXX_LANGUAGE_STANDARD = "gnu++0x";
				CLANG_CXX_LIBRARY = "libc++";
				CLANG_ENABLE_MODULES = YES;
				CLANG_ENABLE_OBJC_ARC = YES;
				CLANG_WARN_BOOL_CONVERSION = YES;
				CLANG_WARN_CONSTANT_CONVERSION = YES;
				CLANG_WARN_DIRECT_OBJC_ISA_USAGE = YES_ERROR;
				CLANG_WARN_EMPTY_BODY = YES;
				CLANG_WARN_ENUM_CONVERSION = YES;
				CLANG_WARN_INT_CONVERSION = YES;
				CLANG_WARN_OBJC_ROOT_CLASS = YES_ERROR;
				CLANG_WARN_UNREACHABLE_CODE = YES;
				CLANG_WARN__DUPLICATE_METHOD_MATCH = YES;
				"CODE_SIGN_IDENTITY[sdk=iphoneos*]" = "iPhone Developer";
				COPY_PHASE_STRIP = NO;
				DEBUG_INFORMATION_FORMAT = "dwarf-with-dsym";
				ENABLE_NS_ASSERTIONS = NO;
				ENABLE_STRICT_OBJC_MSGSEND = YES;
				GCC_C_LANGUAGE_STANDARD = gnu99;
				GCC_NO_COMMON_BLOCKS = YES;
				GCC_WARN_64_TO_32_BIT_CONVERSION = YES;
				GCC_WARN_ABOUT_RETURN_TYPE = YES_ERROR;
				GCC_WARN_UNDECLARED_SELECTOR = YES;
				GCC_WARN_UNINITIALIZED_AUTOS = YES_AGGRESSIVE;
				GCC_WARN_UNUSED_FUNCTION = YES;
				GCC_WARN_UNUSED_VARIABLE = YES;
				IPHONEOS_DEPLOYMENT_TARGET = 8.4;
				MTL_ENABLE_DEBUG_INFO = NO;
				SDKROOT = iphoneos;
				VALIDATE_PRODUCT = YES;
			};
			name = Release;
		};
		A994CBB91BA6E65800A39A71 /* Debug */ = {
			isa = XCBuildConfiguration;
			baseConfigurationReference = C263CF10F54599BD8AF13381 /* Pods.debug.xcconfig */;
			buildSettings = {
				ASSETCATALOG_COMPILER_APPICON_NAME = AppIcon;
				INFOPLIST_FILE = News/Info.plist;
				IPHONEOS_DEPLOYMENT_TARGET = 8.0;
				LD_RUNPATH_SEARCH_PATHS = "$(inherited) @executable_path/Frameworks";
				PRODUCT_NAME = "$(TARGET_NAME)";
			};
			name = Debug;
		};
		A994CBBA1BA6E65800A39A71 /* Release */ = {
			isa = XCBuildConfiguration;
			baseConfigurationReference = 277C19C96A9B1DA27D05AA61 /* Pods.release.xcconfig */;
			buildSettings = {
				ASSETCATALOG_COMPILER_APPICON_NAME = AppIcon;
				INFOPLIST_FILE = News/Info.plist;
				IPHONEOS_DEPLOYMENT_TARGET = 8.0;
				LD_RUNPATH_SEARCH_PATHS = "$(inherited) @executable_path/Frameworks";
				PRODUCT_NAME = "$(TARGET_NAME)";
			};
			name = Release;
		};
		A994CBBC1BA6E65800A39A71 /* Debug */ = {
			isa = XCBuildConfiguration;
			buildSettings = {
				BUNDLE_LOADER = "$(TEST_HOST)";
				FRAMEWORK_SEARCH_PATHS = (
					"$(SDKROOT)/Developer/Library/Frameworks",
					"$(inherited)",
				);
				GCC_PREPROCESSOR_DEFINITIONS = (
					"DEBUG=1",
					"$(inherited)",
				);
				INFOPLIST_FILE = NewsTests/Info.plist;
				LD_RUNPATH_SEARCH_PATHS = "$(inherited) @executable_path/Frameworks @loader_path/Frameworks";
				PRODUCT_NAME = "$(TARGET_NAME)";
				TEST_HOST = "$(BUILT_PRODUCTS_DIR)/News.app/News";
			};
			name = Debug;
		};
		A994CBBD1BA6E65800A39A71 /* Release */ = {
			isa = XCBuildConfiguration;
			buildSettings = {
				BUNDLE_LOADER = "$(TEST_HOST)";
				FRAMEWORK_SEARCH_PATHS = (
					"$(SDKROOT)/Developer/Library/Frameworks",
					"$(inherited)",
				);
				INFOPLIST_FILE = NewsTests/Info.plist;
				LD_RUNPATH_SEARCH_PATHS = "$(inherited) @executable_path/Frameworks @loader_path/Frameworks";
				PRODUCT_NAME = "$(TARGET_NAME)";
				TEST_HOST = "$(BUILT_PRODUCTS_DIR)/News.app/News";
			};
			name = Release;
		};
/* End XCBuildConfiguration section */

/* Begin XCConfigurationList section */
		A994CB901BA6E65800A39A71 /* Build configuration list for PBXProject "News" */ = {
			isa = XCConfigurationList;
			buildConfigurations = (
				A994CBB61BA6E65800A39A71 /* Debug */,
				A994CBB71BA6E65800A39A71 /* Release */,
			);
			defaultConfigurationIsVisible = 0;
			defaultConfigurationName = Release;
		};
		A994CBB81BA6E65800A39A71 /* Build configuration list for PBXNativeTarget "News" */ = {
			isa = XCConfigurationList;
			buildConfigurations = (
				A994CBB91BA6E65800A39A71 /* Debug */,
				A994CBBA1BA6E65800A39A71 /* Release */,
			);
			defaultConfigurationIsVisible = 0;
			defaultConfigurationName = Release;
		};
		A994CBBB1BA6E65800A39A71 /* Build configuration list for PBXNativeTarget "NewsTests" */ = {
			isa = XCConfigurationList;
			buildConfigurations = (
				A994CBBC1BA6E65800A39A71 /* Debug */,
				A994CBBD1BA6E65800A39A71 /* Release */,
			);
			defaultConfigurationIsVisible = 0;
			defaultConfigurationName = Release;
		};
/* End XCConfigurationList section */
	};
	rootObject = A994CB8D1BA6E65800A39A71 /* Project object */;
}
